// !$*UTF8*$!
{
	archiveVersion = 1;
	classes = {
	};
	objectVersion = 46;
	objects = {

/* Begin PBXBuildFile section */
		C7AF27411BB90D2E008DE9ED /* AppDelegate.swift in Sources */ = {isa = PBXBuildFile; fileRef = C7AF27401BB90D2E008DE9ED /* AppDelegate.swift */; };
		C7AF27431BB90D2E008DE9ED /* MealViewController.swift in Sources */ = {isa = PBXBuildFile; fileRef = C7AF27421BB90D2E008DE9ED /* MealViewController.swift */; };
		C7AF27461BB90D2E008DE9ED /* Main.storyboard in Resources */ = {isa = PBXBuildFile; fileRef = C7AF27441BB90D2E008DE9ED /* Main.storyboard */; };
		C7AF27481BB90D2E008DE9ED /* Assets.xcassets in Resources */ = {isa = PBXBuildFile; fileRef = C7AF27471BB90D2E008DE9ED /* Assets.xcassets */; };
		C7AF274B1BB90D2E008DE9ED /* LaunchScreen.storyboard in Resources */ = {isa = PBXBuildFile; fileRef = C7AF27491BB90D2E008DE9ED /* LaunchScreen.storyboard */; };
		C7AF27561BB90D2E008DE9ED /* FoodTrackerTests.swift in Sources */ = {isa = PBXBuildFile; fileRef = C7AF27551BB90D2E008DE9ED /* FoodTrackerTests.swift */; };
		C7AF27611BB99B61008DE9ED /* RatingControl.swift in Sources */ = {isa = PBXBuildFile; fileRef = C7AF27601BB99B61008DE9ED /* RatingControl.swift */; settings = {ASSET_TAGS = (); }; };
		C7AF27631BB9E3AA008DE9ED /* Meal.swift in Sources */ = {isa = PBXBuildFile; fileRef = C7AF27621BB9E3AA008DE9ED /* Meal.swift */; settings = {ASSET_TAGS = (); }; };
		C7AF27651BB9EB5A008DE9ED /* MealTableViewCell.swift in Sources */ = {isa = PBXBuildFile; fileRef = C7AF27641BB9EB5A008DE9ED /* MealTableViewCell.swift */; settings = {ASSET_TAGS = (); }; };
		C7AF27671BB9F1E6008DE9ED /* MealTableViewController.swift in Sources */ = {isa = PBXBuildFile; fileRef = C7AF27661BB9F1E6008DE9ED /* MealTableViewController.swift */; settings = {ASSET_TAGS = (); }; };
/* End PBXBuildFile section */

/* Begin PBXContainerItemProxy section */
		C7AF27521BB90D2E008DE9ED /* PBXContainerItemProxy */ = {
			isa = PBXContainerItemProxy;
			containerPortal = C7AF27351BB90D2D008DE9ED /* Project object */;
			proxyType = 1;
			remoteGlobalIDString = C7AF273C1BB90D2D008DE9ED;
			remoteInfo = FoodTracker;
		};
/* End PBXContainerItemProxy section */

/* Begin PBXFileReference section */
		C7AF273D1BB90D2E008DE9ED /* FoodTracker.app */ = {isa = PBXFileReference; explicitFileType = wrapper.application; includeInIndex = 0; path = FoodTracker.app; sourceTree = BUILT_PRODUCTS_DIR; };
		C7AF27401BB90D2E008DE9ED /* AppDelegate.swift */ = {isa = PBXFileReference; lastKnownFileType = sourcecode.swift; path = AppDelegate.swift; sourceTree = "<group>"; };
		C7AF27421BB90D2E008DE9ED /* MealViewController.swift */ = {isa = PBXFileReference; lastKnownFileType = sourcecode.swift; path = MealViewController.swift; sourceTree = "<group>"; };
		C7AF27451BB90D2E008DE9ED /* Base */ = {isa = PBXFileReference; lastKnownFileType = file.storyboard; name = Base; path = Base.lproj/Main.storyboard; sourceTree = "<group>"; };
		C7AF27471BB90D2E008DE9ED /* Assets.xcassets */ = {isa = PBXFileReference; lastKnownFileType = folder.assetcatalog; path = Assets.xcassets; sourceTree = "<group>"; };
		C7AF274A1BB90D2E008DE9ED /* Base */ = {isa = PBXFileReference; lastKnownFileType = file.storyboard; name = Base; path = Base.lproj/LaunchScreen.storyboard; sourceTree = "<group>"; };
		C7AF274C1BB90D2E008DE9ED /* Info.plist */ = {isa = PBXFileReference; lastKnownFileType = text.plist.xml; path = Info.plist; sourceTree = "<group>"; };
		C7AF27511BB90D2E008DE9ED /* FoodTrackerTests.xctest */ = {isa = PBXFileReference; explicitFileType = wrapper.cfbundle; includeInIndex = 0; path = FoodTrackerTests.xctest; sourceTree = BUILT_PRODUCTS_DIR; };
		C7AF27551BB90D2E008DE9ED /* FoodTrackerTests.swift */ = {isa = PBXFileReference; lastKnownFileType = sourcecode.swift; path = FoodTrackerTests.swift; sourceTree = "<group>"; };
		C7AF27571BB90D2E008DE9ED /* Info.plist */ = {isa = PBXFileReference; lastKnownFileType = text.plist.xml; path = Info.plist; sourceTree = "<group>"; };
		C7AF27601BB99B61008DE9ED /* RatingControl.swift */ = {isa = PBXFileReference; fileEncoding = 4; lastKnownFileType = sourcecode.swift; path = RatingControl.swift; sourceTree = "<group>"; };
		C7AF27621BB9E3AA008DE9ED /* Meal.swift */ = {isa = PBXFileReference; fileEncoding = 4; lastKnownFileType = sourcecode.swift; path = Meal.swift; sourceTree = "<group>"; };
		C7AF27641BB9EB5A008DE9ED /* MealTableViewCell.swift */ = {isa = PBXFileReference; fileEncoding = 4; lastKnownFileType = sourcecode.swift; path = MealTableViewCell.swift; sourceTree = "<group>"; };
		C7AF27661BB9F1E6008DE9ED /* MealTableViewController.swift */ = {isa = PBXFileReference; fileEncoding = 4; lastKnownFileType = sourcecode.swift; path = MealTableViewController.swift; sourceTree = "<group>"; };
/* End PBXFileReference section */

/* Begin PBXFrameworksBuildPhase section */
		C7AF273A1BB90D2D008DE9ED /* Frameworks */ = {
			isa = PBXFrameworksBuildPhase;
			buildActionMask = 2147483647;
			files = (
			);
			runOnlyForDeploymentPostprocessing = 0;
		};
		C7AF274E1BB90D2E008DE9ED /* Frameworks */ = {
			isa = PBXFrameworksBuildPhase;
			buildActionMask = 2147483647;
			files = (
			);
			runOnlyForDeploymentPostprocessing = 0;
		};
/* End PBXFrameworksBuildPhase section */

/* Begin PBXGroup section */
		C7AF27341BB90D2D008DE9ED = {
			isa = PBXGroup;
			children = (
				C7AF273F1BB90D2E008DE9ED /* FoodTracker */,
				C7AF27541BB90D2E008DE9ED /* FoodTrackerTests */,
				C7AF273E1BB90D2E008DE9ED /* Products */,
			);
			sourceTree = "<group>";
		};
		C7AF273E1BB90D2E008DE9ED /* Products */ = {
			isa = PBXGroup;
			children = (
				C7AF273D1BB90D2E008DE9ED /* FoodTracker.app */,
				C7AF27511BB90D2E008DE9ED /* FoodTrackerTests.xctest */,
			);
			name = Products;
			sourceTree = "<group>";
		};
		C7AF273F1BB90D2E008DE9ED /* FoodTracker */ = {
			isa = PBXGroup;
			children = (
				C7AF27401BB90D2E008DE9ED /* AppDelegate.swift */,
				C7AF27621BB9E3AA008DE9ED /* Meal.swift */,
				C7AF27421BB90D2E008DE9ED /* MealViewController.swift */,
				C7AF27661BB9F1E6008DE9ED /* MealTableViewController.swift */,
				C7AF27441BB90D2E008DE9ED /* Main.storyboard */,
				C7AF27601BB99B61008DE9ED /* RatingControl.swift */,
				C7AF27641BB9EB5A008DE9ED /* MealTableViewCell.swift */,
				C7AF27471BB90D2E008DE9ED /* Assets.xcassets */,
				C7AF27491BB90D2E008DE9ED /* LaunchScreen.storyboard */,
				C7AF274C1BB90D2E008DE9ED /* Info.plist */,
			);
			path = FoodTracker;
			sourceTree = "<group>";
		};
		C7AF27541BB90D2E008DE9ED /* FoodTrackerTests */ = {
			isa = PBXGroup;
			children = (
				C7AF27551BB90D2E008DE9ED /* FoodTrackerTests.swift */,
				C7AF27571BB90D2E008DE9ED /* Info.plist */,
			);
			path = FoodTrackerTests;
			sourceTree = "<group>";
		};
/* End PBXGroup section */

/* Begin PBXNativeTarget section */
		C7AF273C1BB90D2D008DE9ED /* FoodTracker */ = {
			isa = PBXNativeTarget;
			buildConfigurationList = C7AF275A1BB90D2E008DE9ED /* Build configuration list for PBXNativeTarget "FoodTracker" */;
			buildPhases = (
				C7AF27391BB90D2D008DE9ED /* Sources */,
				C7AF273A1BB90D2D008DE9ED /* Frameworks */,
				C7AF273B1BB90D2D008DE9ED /* Resources */,
			);
			buildRules = (
			);
			dependencies = (
			);
			name = FoodTracker;
			productName = FoodTracker;
			productReference = C7AF273D1BB90D2E008DE9ED /* FoodTracker.app */;
			productType = "com.apple.product-type.application";
		};
		C7AF27501BB90D2E008DE9ED /* FoodTrackerTests */ = {
			isa = PBXNativeTarget;
			buildConfigurationList = C7AF275D1BB90D2E008DE9ED /* Build configuration list for PBXNativeTarget "FoodTrackerTests" */;
			buildPhases = (
				C7AF274D1BB90D2E008DE9ED /* Sources */,
				C7AF274E1BB90D2E008DE9ED /* Frameworks */,
				C7AF274F1BB90D2E008DE9ED /* Resources */,
			);
			buildRules = (
			);
			dependencies = (
				C7AF27531BB90D2E008DE9ED /* PBXTargetDependency */,
			);
			name = FoodTrackerTests;
			productName = FoodTrackerTests;
			productReference = C7AF27511BB90D2E008DE9ED /* FoodTrackerTests.xctest */;
			productType = "com.apple.product-type.bundle.unit-test";
		};
/* End PBXNativeTarget section */

/* Begin PBXProject section */
		C7AF27351BB90D2D008DE9ED /* Project object */ = {
			isa = PBXProject;
			attributes = {
				LastUpgradeCheck = 0700;
				ORGANIZATIONNAME = "Alp Eren Can";
				TargetAttributes = {
					C7AF273C1BB90D2D008DE9ED = {
						CreatedOnToolsVersion = 7.0;
					};
					C7AF27501BB90D2E008DE9ED = {
						CreatedOnToolsVersion = 7.0;
						TestTargetID = C7AF273C1BB90D2D008DE9ED;
					};
				};
			};
			buildConfigurationList = C7AF27381BB90D2D008DE9ED /* Build configuration list for PBXProject "FoodTracker" */;
			compatibilityVersion = "Xcode 3.2";
			developmentRegion = English;
			hasScannedForEncodings = 0;
			knownRegions = (
				en,
				Base,
			);
			mainGroup = C7AF27341BB90D2D008DE9ED;
			productRefGroup = C7AF273E1BB90D2E008DE9ED /* Products */;
			projectDirPath = "";
			projectRoot = "";
			targets = (
				C7AF273C1BB90D2D008DE9ED /* FoodTracker */,
				C7AF27501BB90D2E008DE9ED /* FoodTrackerTests */,
			);
		};
/* End PBXProject section */

/* Begin PBXResourcesBuildPhase section */
		C7AF273B1BB90D2D008DE9ED /* Resources */ = {
			isa = PBXResourcesBuildPhase;
			buildActionMask = 2147483647;
			files = (
				C7AF274B1BB90D2E008DE9ED /* LaunchScreen.storyboard in Resources */,
				C7AF27481BB90D2E008DE9ED /* Assets.xcassets in Resources */,
				C7AF27461BB90D2E008DE9ED /* Main.storyboard in Resources */,
			);
			runOnlyForDeploymentPostprocessing = 0;
		};
		C7AF274F1BB90D2E008DE9ED /* Resources */ = {
			isa = PBXResourcesBuildPhase;
			buildActionMask = 2147483647;
			files = (
			);
			runOnlyForDeploymentPostprocessing = 0;
		};
/* End PBXResourcesBuildPhase section */

/* Begin PBXSourcesBuildPhase section */
		C7AF27391BB90D2D008DE9ED /* Sources */ = {
			isa = PBXSourcesBuildPhase;
			buildActionMask = 2147483647;
			files = (
				C7AF27631BB9E3AA008DE9ED /* Meal.swift in Sources */,
				C7AF27431BB90D2E008DE9ED /* MealViewController.swift in Sources */,
				C7AF27611BB99B61008DE9ED /* RatingControl.swift in Sources */,
				C7AF27411BB90D2E008DE9ED /* AppDelegate.swift in Sources */,
				C7AF27671BB9F1E6008DE9ED /* MealTableViewController.swift in Sources */,
				C7AF27651BB9EB5A008DE9ED /* MealTableViewCell.swift in Sources */,
			);
			runOnlyForDeploymentPostprocessing = 0;
		};
		C7AF274D1BB90D2E008DE9ED /* Sources */ = {
			isa = PBXSourcesBuildPhase;
			buildActionMask = 2147483647;
			files = (
				C7AF27561BB90D2E008DE9ED /* FoodTrackerTests.swift in Sources */,
			);
			runOnlyForDeploymentPostprocessing = 0;
		};
/* End PBXSourcesBuildPhase section */

/* Begin PBXTargetDependency section */
		C7AF27531BB90D2E008DE9ED /* PBXTargetDependency */ = {
			isa = PBXTargetDependency;
			target = C7AF273C1BB90D2D008DE9ED /* FoodTracker */;
			targetProxy = C7AF27521BB90D2E008DE9ED /* PBXContainerItemProxy */;
		};
/* End PBXTargetDependency section */

/* Begin PBXVariantGroup section */
		C7AF27441BB90D2E008DE9ED /* Main.storyboard */ = {
			isa = PBXVariantGroup;
			children = (
				C7AF27451BB90D2E008DE9ED /* Base */,
			);
			name = Main.storyboard;
			sourceTree = "<group>";
		};
		C7AF27491BB90D2E008DE9ED /* LaunchScreen.storyboard */ = {
			isa = PBXVariantGroup;
			children = (
				C7AF274A1BB90D2E008DE9ED /* Base */,
			);
			name = LaunchScreen.storyboard;
			sourceTree = "<group>";
		};
/* End PBXVariantGroup section */

/* Begin XCBuildConfiguration section */
		C7AF27581BB90D2E008DE9ED /* Debug */ = {
			isa = XCBuildConfiguration;
			buildSettings = {
				ALWAYS_SEARCH_USER_PATHS = NO;
				CLANG_CXX_LANGUAGE_STANDARD = "gnu++0x";
				CLANG_CXX_LIBRARY = "libc++";
				CLANG_ENABLE_MODULES = YES;
				CLANG_ENABLE_OBJC_ARC = YES;
				CLANG_WARN_BOOL_CONVERSION = YES;
				CLANG_WARN_CONSTANT_CONVERSION = YES;
				CLANG_WARN_DIRECT_OBJC_ISA_USAGE = YES_ERROR;
				CLANG_WARN_EMPTY_BODY = YES;
				CLANG_WARN_ENUM_CONVERSION = YES;
				CLANG_WARN_INT_CONVERSION = YES;
				CLANG_WARN_OBJC_ROOT_CLASS = YES_ERROR;
				CLANG_WARN_UNREACHABLE_CODE = YES;
				CLANG_WARN__DUPLICATE_METHOD_MATCH = YES;
				"CODE_SIGN_IDENTITY[sdk=iphoneos*]" = "iPhone Developer";
				COPY_PHASE_STRIP = NO;
				DEBUG_INFORMATION_FORMAT = dwarf;
				ENABLE_STRICT_OBJC_MSGSEND = YES;
				ENABLE_TESTABILITY = YES;
				GCC_C_LANGUAGE_STANDARD = gnu99;
				GCC_DYNAMIC_NO_PIC = NO;
				GCC_NO_COMMON_BLOCKS = YES;
				GCC_OPTIMIZATION_LEVEL = 0;
				GCC_PREPROCESSOR_DEFINITIONS = (
					"DEBUG=1",
					"$(inherited)",
				);
				GCC_WARN_64_TO_32_BIT_CONVERSION = YES;
				GCC_WARN_ABOUT_RETURN_TYPE = YES_ERROR;
				GCC_WARN_UNDECLARED_SELECTOR = YES;
				GCC_WARN_UNINITIALIZED_AUTOS = YES_AGGRESSIVE;
				GCC_WARN_UNUSED_FUNCTION = YES;
				GCC_WARN_UNUSED_VARIABLE = YES;
				IPHONEOS_DEPLOYMENT_TARGET = 9.0;
				MTL_ENABLE_DEBUG_INFO = YES;
				ONLY_ACTIVE_ARCH = YES;
				SDKROOT = iphoneos;
				SWIFT_OPTIMIZATION_LEVEL = "-Onone";
				TARGETED_DEVICE_FAMILY = "1,2";
			};
			name = Debug;
		};
		C7AF27591BB90D2E008DE9ED /* Release */ = {
			isa = XCBuildConfiguration;
			buildSettings = {
				ALWAYS_SEARCH_USER_PATHS = NO;
				CLANG_CXX_LANGUAGE_STANDARD = "gnu++0x";
				CLANG_CXX_LIBRARY = "libc++";
				CLANG_ENABLE_MODULES = YES;
				CLANG_ENABLE_OBJC_ARC = YES;
				CLANG_WARN_BOOL_CONVERSION = YES;
				CLANG_WARN_CONSTANT_CONVERSION = YES;
				CLANG_WARN_DIRECT_OBJC_ISA_USAGE = YES_ERROR;
				CLANG_WARN_EMPTY_BODY = YES;
				CLANG_WARN_ENUM_CONVERSION = YES;
				CLANG_WARN_INT_CONVERSION = YES;
				CLANG_WARN_OBJC_ROOT_CLASS = YES_ERROR;
				CLANG_WARN_UNREACHABLE_CODE = YES;
				CLANG_WARN__DUPLICATE_METHOD_MATCH = YES;
				"CODE_SIGN_IDENTITY[sdk=iphoneos*]" = "iPhone Developer";
				COPY_PHASE_STRIP = NO;
				DEBUG_INFORMATION_FORMAT = "dwarf-with-dsym";
				ENABLE_NS_ASSERTIONS = NO;
				ENABLE_STRICT_OBJC_MSGSEND = YES;
				GCC_C_LANGUAGE_STANDARD = gnu99;
				GCC_NO_COMMON_BLOCKS = YES;
				GCC_WARN_64_TO_32_BIT_CONVERSION = YES;
				GCC_WARN_ABOUT_RETURN_TYPE = YES_ERROR;
				GCC_WARN_UNDECLARED_SELECTOR = YES;
				GCC_WARN_UNINITIALIZED_AUTOS = YES_AGGRESSIVE;
				GCC_WARN_UNUSED_FUNCTION = YES;
				GCC_WARN_UNUSED_VARIABLE = YES;
				IPHONEOS_DEPLOYMENT_TARGET = 9.0;
				MTL_ENABLE_DEBUG_INFO = NO;
				SDKROOT = iphoneos;
				TARGETED_DEVICE_FAMILY = "1,2";
				VALIDATE_PRODUCT = YES;
			};
			name = Release;
		};
		C7AF275B1BB90D2E008DE9ED /* Debug */ = {
			isa = XCBuildConfiguration;
			buildSettings = {
				ASSETCATALOG_COMPILER_APPICON_NAME = AppIcon;
				INFOPLIST_FILE = FoodTracker/Info.plist;
				LD_RUNPATH_SEARCH_PATHS = "$(inherited) @executable_path/Frameworks";
				PRODUCT_BUNDLE_IDENTIFIER = com.alperencan.FoodTracker;
				PRODUCT_NAME = "$(TARGET_NAME)";
			};
			name = Debug;
		};
		C7AF275C1BB90D2E008DE9ED /* Release */ = {
			isa = XCBuildConfiguration;
			buildSettings = {
				ASSETCATALOG_COMPILER_APPICON_NAME = AppIcon;
				INFOPLIST_FILE = FoodTracker/Info.plist;
				LD_RUNPATH_SEARCH_PATHS = "$(inherited) @executable_path/Frameworks";
				PRODUCT_BUNDLE_IDENTIFIER = com.alperencan.FoodTracker;
				PRODUCT_NAME = "$(TARGET_NAME)";
			};
			name = Release;
		};
		C7AF275E1BB90D2E008DE9ED /* Debug */ = {
			isa = XCBuildConfiguration;
			buildSettings = {
				BUNDLE_LOADER = "$(TEST_HOST)";
				INFOPLIST_FILE = FoodTrackerTests/Info.plist;
				LD_RUNPATH_SEARCH_PATHS = "$(inherited) @executable_path/Frameworks @loader_path/Frameworks";
				PRODUCT_BUNDLE_IDENTIFIER = com.alperencan.FoodTrackerTests;
				PRODUCT_NAME = "$(TARGET_NAME)";
				TEST_HOST = "$(BUILT_PRODUCTS_DIR)/FoodTracker.app/FoodTracker";
			};
			name = Debug;
		};
		C7AF275F1BB90D2E008DE9ED /* Release */ = {
			isa = XCBuildConfiguration;
			buildSettings = {
				BUNDLE_LOADER = "$(TEST_HOST)";
				INFOPLIST_FILE = FoodTrackerTests/Info.plist;
				LD_RUNPATH_SEARCH_PATHS = "$(inherited) @executable_path/Frameworks @loader_path/Frameworks";
				PRODUCT_BUNDLE_IDENTIFIER = com.alperencan.FoodTrackerTests;
				PRODUCT_NAME = "$(TARGET_NAME)";
				TEST_HOST = "$(BUILT_PRODUCTS_DIR)/FoodTracker.app/FoodTracker";
			};
			name = Release;
		};
/* End XCBuildConfiguration section */

/* Begin XCConfigurationList section */
		C7AF27381BB90D2D008DE9ED /* Build configuration list for PBXProject "FoodTracker" */ = {
			isa = XCConfigurationList;
			buildConfigurations = (
				C7AF27581BB90D2E008DE9ED /* Debug */,
				C7AF27591BB90D2E008DE9ED /* Release */,
			);
			defaultConfigurationIsVisible = 0;
			defaultConfigurationName = Release;
		};
		C7AF275A1BB90D2E008DE9ED /* Build configuration list for PBXNativeTarget "FoodTracker" */ = {
			isa = XCConfigurationList;
			buildConfigurations = (
				C7AF275B1BB90D2E008DE9ED /* Debug */,
				C7AF275C1BB90D2E008DE9ED /* Release */,
			);
			defaultConfigurationIsVisible = 0;
		};
		C7AF275D1BB90D2E008DE9ED /* Build configuration list for PBXNativeTarget "FoodTrackerTests" */ = {
			isa = XCConfigurationList;
			buildConfigurations = (
				C7AF275E1BB90D2E008DE9ED /* Debug */,
				C7AF275F1BB90D2E008DE9ED /* Release */,
			);
			defaultConfigurationIsVisible = 0;
		};
/* End XCConfigurationList section */
	};
	rootObject = C7AF27351BB90D2D008DE9ED /* Project object */;
}
